
Microsoft Visual Studio Solution File, Format Version 12.00
# Visual Studio Version 16
VisualStudioVersion = 16.0.29911.84
MinimumVisualStudioVersion = 10.0.40219.1
Project("{FAE04EC0-301F-11D3-BF4B-00C04F79EFBC}") = "TaskList.Api", "TaskList.Api\TaskList.Api.csproj", "{290C90B8-5E1D-44F7-9CBE-2816A09F8E7B}"
EndProject
Project("{FAE04EC0-301F-11D3-BF4B-00C04F79EFBC}") = "TaskList.Domain", "TaskList.Domain\TaskList.Domain.csproj", "{9F77359C-3F11-48CD-80B4-515A040F989E}"
EndProject
Project("{FAE04EC0-301F-11D3-BF4B-00C04F79EFBC}") = "TaskList", "TaskList\TaskList.csproj", "{DD8D3945-D772-4914-9666-7FB359642AA8}"
EndProject
Global
	GlobalSection(SolutionConfigurationPlatforms) = preSolution
		Debug|Any CPU = Debug|Any CPU
		Release|Any CPU = Release|Any CPU
	EndGlobalSection
	GlobalSection(ProjectConfigurationPlatforms) = postSolution
		{290C90B8-5E1D-44F7-9CBE-2816A09F8E7B}.Debug|Any CPU.ActiveCfg = Debug|Any CPU
		{290C90B8-5E1D-44F7-9CBE-2816A09F8E7B}.Debug|Any CPU.Build.0 = Debug|Any CPU
		{290C90B8-5E1D-44F7-9CBE-2816A09F8E7B}.Release|Any CPU.ActiveCfg = Release|Any CPU
		{290C90B8-5E1D-44F7-9CBE-2816A09F8E7B}.Release|Any CPU.Build.0 = Release|Any CPU
		{9F77359C-3F11-48CD-80B4-515A040F989E}.Debug|Any CPU.ActiveCfg = Debug|Any CPU
		{9F77359C-3F11-48CD-80B4-515A040F989E}.Debug|Any CPU.Build.0 = Debug|Any CPU
		{9F77359C-3F11-48CD-80B4-515A040F989E}.Release|Any CPU.ActiveCfg = Release|Any CPU
		{9F77359C-3F11-48CD-80B4-515A040F989E}.Release|Any CPU.Build.0 = Release|Any CPU
		{DD8D3945-D772-4914-9666-7FB359642AA8}.Debug|Any CPU.ActiveCfg = Debug|Any CPU
		{DD8D3945-D772-4914-9666-7FB359642AA8}.Debug|Any CPU.Build.0 = Debug|Any CPU
		{DD8D3945-D772-4914-9666-7FB359642AA8}.Release|Any CPU.ActiveCfg = Release|Any CPU
		{DD8D3945-D772-4914-9666-7FB359642AA8}.Release|Any CPU.Build.0 = Release|Any CPU
	EndGlobalSection
	GlobalSection(SolutionProperties) = preSolution
		HideSolutionNode = FALSE
	EndGlobalSection
	GlobalSection(ExtensibilityGlobals) = postSolution
		SolutionGuid = {09D70D53-2D5C-4754-834C-6D1BA5BD45C3}
	EndGlobalSection
EndGlobal
